
Microsoft Visual Studio Solution File, Format Version 12.00
Project("{FAE04EC0-301F-11D3-BF4B-00C04F79EFBC}") = "ToyShopApp", "ToyShopApp\ToyShopApp.csproj", "{4E569C8E-5533-438E-AE9A-A8906E89B8B7}"
EndProject
Global
	GlobalSection(SolutionConfigurationPlatforms) = preSolution
		Debug|Any CPU = Debug|Any CPU
		Release|Any CPU = Release|Any CPU
	EndGlobalSection
	GlobalSection(ProjectConfigurationPlatforms) = postSolution
		{4E569C8E-5533-438E-AE9A-A8906E89B8B7}.Debug|Any CPU.ActiveCfg = Debug|Any CPU
		{4E569C8E-5533-438E-AE9A-A8906E89B8B7}.Debug|Any CPU.Build.0 = Debug|Any CPU
		{4E569C8E-5533-438E-AE9A-A8906E89B8B7}.Release|Any CPU.ActiveCfg = Release|Any CPU
		{4E569C8E-5533-438E-AE9A-A8906E89B8B7}.Release|Any CPU.Build.0 = Release|Any CPU
	EndGlobalSection
EndGlobal
